
Microsoft Visual Studio Solution File, Format Version 12.00
# Visual Studio 15
VisualStudioVersion = 15.0.26430.14
MinimumVisualStudioVersion = 10.0.40219.1
Project("{FAE04EC0-301F-11D3-BF4B-00C04F79EFBC}") = "CyLR", "CyLR\CyLR.csproj", "{87AD38A9-7D56-45E5-B131-64534FAE0435}"
	ProjectSection(ProjectDependencies) = postProject
		{5E9AA56E-6428-4DED-97A2-C51C51A6EA89} = {5E9AA56E-6428-4DED-97A2-C51C51A6EA89}
	EndProjectSection
EndProject
Project("{FAE04EC0-301F-11D3-BF4B-00C04F79EFBC}") = "CyLRTests", "CyLRTests\CyLRTests.csproj", "{3FB4FD7A-8295-4990-8919-870FA5F438F3}"
EndProject
Project("{FAE04EC0-301F-11D3-BF4B-00C04F79EFBC}") = "RawDiskLib", "Library\RawDiskLib\RawDiskLib\RawDiskLib.csproj", "{5E9AA56E-6428-4DED-97A2-C51C51A6EA89}"
EndProject
Project("{FAE04EC0-301F-11D3-BF4B-00C04F79EFBC}") = "DeviceIOControlLib", "Library\RawDiskLib\DeviceIOControlLib\DeviceIOControlLib\DeviceIOControlLib.csproj", "{303F50C6-4EBB-45C5-BFEA-F5F39CAF0410}"
EndProject
Project("{FAE04EC0-301F-11D3-BF4B-00C04F79EFBC}") = "DiscUtils", "Library\discutils\src\DiscUtils.csproj", "{DBB340F9-2386-43C2-A473-FA496CBE07A4}"
EndProject
Project("{FAE04EC0-301F-11D3-BF4B-00C04F79EFBC}") = "DiscUtils.Common", "Library\discutils\utils\DiscUtils.Common\DiscUtils.Common.csproj", "{40F44FCF-5C77-404D-82BD-9E17BDA5E04B}"
EndProject
Global
	GlobalSection(SolutionConfigurationPlatforms) = preSolution
		Debug|Any CPU = Debug|Any CPU
		Debug|Framework 4.0 = Debug|Framework 4.0
		Release (StyleCop)|Any CPU = Release (StyleCop)|Any CPU
		Release (StyleCop)|Framework 4.0 = Release (StyleCop)|Framework 4.0
		Release|Any CPU = Release|Any CPU
		Release|Framework 4.0 = Release|Framework 4.0
		SignedRelease|Any CPU = SignedRelease|Any CPU
		SignedRelease|Framework 4.0 = SignedRelease|Framework 4.0
	EndGlobalSection
	GlobalSection(ProjectConfigurationPlatforms) = postSolution
		{87AD38A9-7D56-45E5-B131-64534FAE0435}.Debug|Any CPU.ActiveCfg = Debug|Any CPU
		{87AD38A9-7D56-45E5-B131-64534FAE0435}.Debug|Any CPU.Build.0 = Debug|Any CPU
		{87AD38A9-7D56-45E5-B131-64534FAE0435}.Debug|Framework 4.0.ActiveCfg = Debug|Framework 4.0
		{87AD38A9-7D56-45E5-B131-64534FAE0435}.Debug|Framework 4.0.Build.0 = Debug|Framework 4.0
		{87AD38A9-7D56-45E5-B131-64534FAE0435}.Release (StyleCop)|Any CPU.ActiveCfg = Release|Any CPU
		{87AD38A9-7D56-45E5-B131-64534FAE0435}.Release (StyleCop)|Any CPU.Build.0 = Release|Any CPU
		{87AD38A9-7D56-45E5-B131-64534FAE0435}.Release (StyleCop)|Framework 4.0.ActiveCfg = Release|Framework 4.0
		{87AD38A9-7D56-45E5-B131-64534FAE0435}.Release (StyleCop)|Framework 4.0.Build.0 = Release|Framework 4.0
		{87AD38A9-7D56-45E5-B131-64534FAE0435}.Release|Any CPU.ActiveCfg = Release|Any CPU
		{87AD38A9-7D56-45E5-B131-64534FAE0435}.Release|Any CPU.Build.0 = Release|Any CPU
		{87AD38A9-7D56-45E5-B131-64534FAE0435}.Release|Framework 4.0.ActiveCfg = Release|Framework 4.0
		{87AD38A9-7D56-45E5-B131-64534FAE0435}.Release|Framework 4.0.Build.0 = Release|Framework 4.0
		{87AD38A9-7D56-45E5-B131-64534FAE0435}.SignedRelease|Any CPU.ActiveCfg = Release|Any CPU
		{87AD38A9-7D56-45E5-B131-64534FAE0435}.SignedRelease|Any CPU.Build.0 = Release|Any CPU
		{87AD38A9-7D56-45E5-B131-64534FAE0435}.SignedRelease|Framework 4.0.ActiveCfg = Release|Framework 4.0
		{87AD38A9-7D56-45E5-B131-64534FAE0435}.SignedRelease|Framework 4.0.Build.0 = Release|Framework 4.0
		{3FB4FD7A-8295-4990-8919-870FA5F438F3}.Debug|Any CPU.ActiveCfg = Debug|Any CPU
		{3FB4FD7A-8295-4990-8919-870FA5F438F3}.Debug|Any CPU.Build.0 = Debug|Any CPU
		{3FB4FD7A-8295-4990-8919-870FA5F438F3}.Debug|Framework 4.0.ActiveCfg = Debug|Any CPU
		{3FB4FD7A-8295-4990-8919-870FA5F438F3}.Debug|Framework 4.0.Build.0 = Debug|Any CPU
		{3FB4FD7A-8295-4990-8919-870FA5F438F3}.Release (StyleCop)|Any CPU.ActiveCfg = Release|Any CPU
		{3FB4FD7A-8295-4990-8919-870FA5F438F3}.Release (StyleCop)|Any CPU.Build.0 = Release|Any CPU
		{3FB4FD7A-8295-4990-8919-870FA5F438F3}.Release (StyleCop)|Framework 4.0.ActiveCfg = Release|Any CPU
		{3FB4FD7A-8295-4990-8919-870FA5F438F3}.Release (StyleCop)|Framework 4.0.Build.0 = Release|Any CPU
		{3FB4FD7A-8295-4990-8919-870FA5F438F3}.Release|Any CPU.ActiveCfg = Release|Any CPU
		{3FB4FD7A-8295-4990-8919-870FA5F438F3}.Release|Any CPU.Build.0 = Release|Any CPU
		{3FB4FD7A-8295-4990-8919-870FA5F438F3}.Release|Framework 4.0.ActiveCfg = Release|Any CPU
		{3FB4FD7A-8295-4990-8919-870FA5F438F3}.Release|Framework 4.0.Build.0 = Release|Any CPU
		{3FB4FD7A-8295-4990-8919-870FA5F438F3}.SignedRelease|Any CPU.ActiveCfg = Release|Any CPU
		{3FB4FD7A-8295-4990-8919-870FA5F438F3}.SignedRelease|Any CPU.Build.0 = Release|Any CPU
		{3FB4FD7A-8295-4990-8919-870FA5F438F3}.SignedRelease|Framework 4.0.ActiveCfg = Release|Any CPU
		{3FB4FD7A-8295-4990-8919-870FA5F438F3}.SignedRelease|Framework 4.0.Build.0 = Release|Any CPU
		{5E9AA56E-6428-4DED-97A2-C51C51A6EA89}.Debug|Any CPU.ActiveCfg = Debug|Any CPU
		{5E9AA56E-6428-4DED-97A2-C51C51A6EA89}.Debug|Any CPU.Build.0 = Debug|Any CPU
		{5E9AA56E-6428-4DED-97A2-C51C51A6EA89}.Debug|Framework 4.0.ActiveCfg = Debug|Any CPU
		{5E9AA56E-6428-4DED-97A2-C51C51A6EA89}.Debug|Framework 4.0.Build.0 = Debug|Any CPU
		{5E9AA56E-6428-4DED-97A2-C51C51A6EA89}.Release (StyleCop)|Any CPU.ActiveCfg = Release|Any CPU
		{5E9AA56E-6428-4DED-97A2-C51C51A6EA89}.Release (StyleCop)|Any CPU.Build.0 = Release|Any CPU
		{5E9AA56E-6428-4DED-97A2-C51C51A6EA89}.Release (StyleCop)|Framework 4.0.ActiveCfg = Release|Any CPU
		{5E9AA56E-6428-4DED-97A2-C51C51A6EA89}.Release (StyleCop)|Framework 4.0.Build.0 = Release|Any CPU
		{5E9AA56E-6428-4DED-97A2-C51C51A6EA89}.Release|Any CPU.ActiveCfg = Release|Any CPU
		{5E9AA56E-6428-4DED-97A2-C51C51A6EA89}.Release|Any CPU.Build.0 = Release|Any CPU
		{5E9AA56E-6428-4DED-97A2-C51C51A6EA89}.Release|Framework 4.0.ActiveCfg = Release|Any CPU
		{5E9AA56E-6428-4DED-97A2-C51C51A6EA89}.Release|Framework 4.0.Build.0 = Release|Any CPU
		{5E9AA56E-6428-4DED-97A2-C51C51A6EA89}.SignedRelease|Any CPU.ActiveCfg = Release|Any CPU
		{5E9AA56E-6428-4DED-97A2-C51C51A6EA89}.SignedRelease|Any CPU.Build.0 = Release|Any CPU
		{5E9AA56E-6428-4DED-97A2-C51C51A6EA89}.SignedRelease|Framework 4.0.ActiveCfg = Release|Any CPU
		{5E9AA56E-6428-4DED-97A2-C51C51A6EA89}.SignedRelease|Framework 4.0.Build.0 = Release|Any CPU
		{303F50C6-4EBB-45C5-BFEA-F5F39CAF0410}.Debug|Any CPU.ActiveCfg = Debug|Any CPU
		{303F50C6-4EBB-45C5-BFEA-F5F39CAF0410}.Debug|Any CPU.Build.0 = Debug|Any CPU
		{303F50C6-4EBB-45C5-BFEA-F5F39CAF0410}.Debug|Framework 4.0.ActiveCfg = Debug|Any CPU
		{303F50C6-4EBB-45C5-BFEA-F5F39CAF0410}.Debug|Framework 4.0.Build.0 = Debug|Any CPU
		{303F50C6-4EBB-45C5-BFEA-F5F39CAF0410}.Release (StyleCop)|Any CPU.ActiveCfg = Release|Any CPU
		{303F50C6-4EBB-45C5-BFEA-F5F39CAF0410}.Release (StyleCop)|Any CPU.Build.0 = Release|Any CPU
		{303F50C6-4EBB-45C5-BFEA-F5F39CAF0410}.Release (StyleCop)|Framework 4.0.ActiveCfg = Release|Any CPU
		{303F50C6-4EBB-45C5-BFEA-F5F39CAF0410}.Release (StyleCop)|Framework 4.0.Build.0 = Release|Any CPU
		{303F50C6-4EBB-45C5-BFEA-F5F39CAF0410}.Release|Any CPU.ActiveCfg = Release|Any CPU
		{303F50C6-4EBB-45C5-BFEA-F5F39CAF0410}.Release|Any CPU.Build.0 = Release|Any CPU
		{303F50C6-4EBB-45C5-BFEA-F5F39CAF0410}.Release|Framework 4.0.ActiveCfg = Release|Any CPU
		{303F50C6-4EBB-45C5-BFEA-F5F39CAF0410}.Release|Framework 4.0.Build.0 = Release|Any CPU
		{303F50C6-4EBB-45C5-BFEA-F5F39CAF0410}.SignedRelease|Any CPU.ActiveCfg = Release|Any CPU
		{303F50C6-4EBB-45C5-BFEA-F5F39CAF0410}.SignedRelease|Any CPU.Build.0 = Release|Any CPU
		{303F50C6-4EBB-45C5-BFEA-F5F39CAF0410}.SignedRelease|Framework 4.0.ActiveCfg = Release|Any CPU
		{303F50C6-4EBB-45C5-BFEA-F5F39CAF0410}.SignedRelease|Framework 4.0.Build.0 = Release|Any CPU
		{DBB340F9-2386-43C2-A473-FA496CBE07A4}.Debug|Any CPU.ActiveCfg = Debug|Any CPU
		{DBB340F9-2386-43C2-A473-FA496CBE07A4}.Debug|Any CPU.Build.0 = Debug|Any CPU
		{DBB340F9-2386-43C2-A473-FA496CBE07A4}.Debug|Framework 4.0.ActiveCfg = Debug|Any CPU
		{DBB340F9-2386-43C2-A473-FA496CBE07A4}.Debug|Framework 4.0.Build.0 = Debug|Any CPU
		{DBB340F9-2386-43C2-A473-FA496CBE07A4}.Release (StyleCop)|Any CPU.ActiveCfg = Release (StyleCop)|Any CPU
		{DBB340F9-2386-43C2-A473-FA496CBE07A4}.Release (StyleCop)|Any CPU.Build.0 = Release (StyleCop)|Any CPU
		{DBB340F9-2386-43C2-A473-FA496CBE07A4}.Release (StyleCop)|Framework 4.0.ActiveCfg = Release (StyleCop)|Any CPU
		{DBB340F9-2386-43C2-A473-FA496CBE07A4}.Release (StyleCop)|Framework 4.0.Build.0 = Release (StyleCop)|Any CPU
		{DBB340F9-2386-43C2-A473-FA496CBE07A4}.Release|Any CPU.ActiveCfg = Release|Any CPU
		{DBB340F9-2386-43C2-A473-FA496CBE07A4}.Release|Any CPU.Build.0 = Release|Any CPU
		{DBB340F9-2386-43C2-A473-FA496CBE07A4}.Release|Framework 4.0.ActiveCfg = Release|Any CPU
		{DBB340F9-2386-43C2-A473-FA496CBE07A4}.Release|Framework 4.0.Build.0 = Release|Any CPU
		{DBB340F9-2386-43C2-A473-FA496CBE07A4}.SignedRelease|Any CPU.ActiveCfg = SignedRelease|Any CPU
		{DBB340F9-2386-43C2-A473-FA496CBE07A4}.SignedRelease|Any CPU.Build.0 = SignedRelease|Any CPU
		{DBB340F9-2386-43C2-A473-FA496CBE07A4}.SignedRelease|Framework 4.0.ActiveCfg = SignedRelease|Any CPU
		{DBB340F9-2386-43C2-A473-FA496CBE07A4}.SignedRelease|Framework 4.0.Build.0 = SignedRelease|Any CPU
		{40F44FCF-5C77-404D-82BD-9E17BDA5E04B}.Debug|Any CPU.ActiveCfg = Debug|Any CPU
		{40F44FCF-5C77-404D-82BD-9E17BDA5E04B}.Debug|Any CPU.Build.0 = Debug|Any CPU
		{40F44FCF-5C77-404D-82BD-9E17BDA5E04B}.Debug|Framework 4.0.ActiveCfg = Debug|Any CPU
		{40F44FCF-5C77-404D-82BD-9E17BDA5E04B}.Debug|Framework 4.0.Build.0 = Debug|Any CPU
		{40F44FCF-5C77-404D-82BD-9E17BDA5E04B}.Release (StyleCop)|Any CPU.ActiveCfg = Release (StyleCop)|Any CPU
		{40F44FCF-5C77-404D-82BD-9E17BDA5E04B}.Release (StyleCop)|Any CPU.Build.0 = Release (StyleCop)|Any CPU
		{40F44FCF-5C77-404D-82BD-9E17BDA5E04B}.Release (StyleCop)|Framework 4.0.ActiveCfg = Release (StyleCop)|Any CPU
		{40F44FCF-5C77-404D-82BD-9E17BDA5E04B}.Release (StyleCop)|Framework 4.0.Build.0 = Release (StyleCop)|Any CPU
		{40F44FCF-5C77-404D-82BD-9E17BDA5E04B}.Release|Any CPU.ActiveCfg = Release|Any CPU
		{40F44FCF-5C77-404D-82BD-9E17BDA5E04B}.Release|Any CPU.Build.0 = Release|Any CPU
		{40F44FCF-5C77-404D-82BD-9E17BDA5E04B}.Release|Framework 4.0.ActiveCfg = Release|Any CPU
		{40F44FCF-5C77-404D-82BD-9E17BDA5E04B}.Release|Framework 4.0.Build.0 = Release|Any CPU
		{40F44FCF-5C77-404D-82BD-9E17BDA5E04B}.SignedRelease|Any CPU.ActiveCfg = SignedRelease|Any CPU
		{40F44FCF-5C77-404D-82BD-9E17BDA5E04B}.SignedRelease|Any CPU.Build.0 = SignedRelease|Any CPU
		{40F44FCF-5C77-404D-82BD-9E17BDA5E04B}.SignedRelease|Framework 4.0.ActiveCfg = SignedRelease|Any CPU
		{40F44FCF-5C77-404D-82BD-9E17BDA5E04B}.SignedRelease|Framework 4.0.Build.0 = SignedRelease|Any CPU
	EndGlobalSection
	GlobalSection(SolutionProperties) = preSolution
		HideSolutionNode = FALSE
	EndGlobalSection
EndGlobal
